
Microsoft Visual Studio Solution File, Format Version 12.00
# Visual Studio Version 17
VisualStudioVersion = 17.3.32819.101
MinimumVisualStudioVersion = 10.0.40219.1
Project("{9A19103F-16F7-4668-BE54-9A1E7A4F7556}") = "TgBckp.Bot", "TgBckp.Bot\TgBckp.Bot.csproj", "{C10B1D24-8CC7-4FBC-A994-24FF16B213CC}"
EndProject
Project("{9A19103F-16F7-4668-BE54-9A1E7A4F7556}") = "TgBckp.ContentBackuper", "TgBckp.ContentBackuper\TgBckp.ContentBackuper.csproj", "{4C33046C-2351-450D-A704-3CFC1B3518DF}"
EndProject
Global
	GlobalSection(SolutionConfigurationPlatforms) = preSolution
		Debug|Any CPU = Debug|Any CPU
		Release|Any CPU = Release|Any CPU
	EndGlobalSection
	GlobalSection(ProjectConfigurationPlatforms) = postSolution
		{C10B1D24-8CC7-4FBC-A994-24FF16B213CC}.Debug|Any CPU.ActiveCfg = Debug|Any CPU
		{C10B1D24-8CC7-4FBC-A994-24FF16B213CC}.Debug|Any CPU.Build.0 = Debug|Any CPU
		{C10B1D24-8CC7-4FBC-A994-24FF16B213CC}.Release|Any CPU.ActiveCfg = Release|Any CPU
		{C10B1D24-8CC7-4FBC-A994-24FF16B213CC}.Release|Any CPU.Build.0 = Release|Any CPU
		{4C33046C-2351-450D-A704-3CFC1B3518DF}.Debug|Any CPU.ActiveCfg = Debug|Any CPU
		{4C33046C-2351-450D-A704-3CFC1B3518DF}.Debug|Any CPU.Build.0 = Debug|Any CPU
		{4C33046C-2351-450D-A704-3CFC1B3518DF}.Release|Any CPU.ActiveCfg = Release|Any CPU
		{4C33046C-2351-450D-A704-3CFC1B3518DF}.Release|Any CPU.Build.0 = Release|Any CPU
	EndGlobalSection
	GlobalSection(SolutionProperties) = preSolution
		HideSolutionNode = FALSE
	EndGlobalSection
	GlobalSection(ExtensibilityGlobals) = postSolution
		SolutionGuid = {01237CD2-8792-46E2-81B5-1231D6AC90F9}
	EndGlobalSection
EndGlobal
